
Microsoft Visual Studio Solution File, Format Version 12.00
# Visual Studio 2012
Project("{FAE04EC0-301F-11D3-BF4B-00C04F79EFBC}") = "safety_net_server", "safety_net_server\safety_net_server.csproj", "{A45F4315-BE04-4E16-8C55-70B183D45146}"
EndProject
Project("{FAE04EC0-301F-11D3-BF4B-00C04F79EFBC}") = "safety_net_server.Tests", "safety_net_server.Tests\safety_net_server.Tests.csproj", "{88FCD4CA-717C-4E60-BD89-30E2104C820A}"
EndProject
Global
	GlobalSection(SolutionConfigurationPlatforms) = preSolution
		Debug|Any CPU = Debug|Any CPU
		Release|Any CPU = Release|Any CPU
	EndGlobalSection
	GlobalSection(ProjectConfigurationPlatforms) = postSolution
		{A45F4315-BE04-4E16-8C55-70B183D45146}.Debug|Any CPU.ActiveCfg = Debug|Any CPU
		{A45F4315-BE04-4E16-8C55-70B183D45146}.Debug|Any CPU.Build.0 = Debug|Any CPU
		{A45F4315-BE04-4E16-8C55-70B183D45146}.Release|Any CPU.ActiveCfg = Release|Any CPU
		{A45F4315-BE04-4E16-8C55-70B183D45146}.Release|Any CPU.Build.0 = Release|Any CPU
		{88FCD4CA-717C-4E60-BD89-30E2104C820A}.Debug|Any CPU.ActiveCfg = Debug|Any CPU
		{88FCD4CA-717C-4E60-BD89-30E2104C820A}.Debug|Any CPU.Build.0 = Debug|Any CPU
		{88FCD4CA-717C-4E60-BD89-30E2104C820A}.Release|Any CPU.ActiveCfg = Release|Any CPU
		{88FCD4CA-717C-4E60-BD89-30E2104C820A}.Release|Any CPU.Build.0 = Release|Any CPU
	EndGlobalSection
EndGlobal
